// !$*UTF8*$!
{
	archiveVersion = 1;
	classes = {
	};
	objectVersion = 46;
	objects = {

/* Begin PBXBuildFile section */
		15B45F6E7D05E05A01E4B8DF /* libPods-SwpFMDBDemo.a in Frameworks */ = {isa = PBXBuildFile; fileRef = ADB6CD7DCF0B8430D3305B79 /* libPods-SwpFMDBDemo.a */; };
		2D885FED1E68192F006E0819 /* main.m in Sources */ = {isa = PBXBuildFile; fileRef = 2D885FEC1E68192F006E0819 /* main.m */; };
		2D885FF01E68192F006E0819 /* AppDelegate.m in Sources */ = {isa = PBXBuildFile; fileRef = 2D885FEF1E68192F006E0819 /* AppDelegate.m */; };
		2D885FF21E68192F006E0819 /* Assets.xcassets in Resources */ = {isa = PBXBuildFile; fileRef = 2D885FF11E68192F006E0819 /* Assets.xcassets */; };
		2D885FF51E68192F006E0819 /* LaunchScreen.storyboard in Resources */ = {isa = PBXBuildFile; fileRef = 2D885FF31E68192F006E0819 /* LaunchScreen.storyboard */; };
		2D8860221E681A43006E0819 /* SelectModelsViewController.m in Sources */ = {isa = PBXBuildFile; fileRef = 2D8860001E681A43006E0819 /* SelectModelsViewController.m */; };
		2D8860231E681A43006E0819 /* SwpFMDBViewController.m in Sources */ = {isa = PBXBuildFile; fileRef = 2D8860031E681A43006E0819 /* SwpFMDBViewController.m */; };
		2D8860241E681A43006E0819 /* CustomModel.m in Sources */ = {isa = PBXBuildFile; fileRef = 2D8860071E681A43006E0819 /* CustomModel.m */; };
		2D8860251E681A43006E0819 /* InheritModel.m in Sources */ = {isa = PBXBuildFile; fileRef = 2D88600A1E681A43006E0819 /* InheritModel.m */; };
		2D8860261E681A43006E0819 /* SwpFMDBModel.m in Sources */ = {isa = PBXBuildFile; fileRef = 2D88600D1E681A43006E0819 /* SwpFMDBModel.m */; };
		2D8860271E681A43006E0819 /* TestModel.m in Sources */ = {isa = PBXBuildFile; fileRef = 2D8860101E681A43006E0819 /* TestModel.m */; };
		2D8860281E681A43006E0819 /* SwpFMDBDemoTools.m in Sources */ = {isa = PBXBuildFile; fileRef = 2D8860131E681A43006E0819 /* SwpFMDBDemoTools.m */; };
		2D8860291E681A43006E0819 /* SelectModelsCell.m in Sources */ = {isa = PBXBuildFile; fileRef = 2D8860171E681A43006E0819 /* SelectModelsCell.m */; };
		2D88602A1E681A43006E0819 /* SelectModelsTableView.m in Sources */ = {isa = PBXBuildFile; fileRef = 2D8860191E681A43006E0819 /* SelectModelsTableView.m */; };
		2D88602B1E681A43006E0819 /* SwpDataDisplayView.m in Sources */ = {isa = PBXBuildFile; fileRef = 2D88601C1E681A43006E0819 /* SwpDataDisplayView.m */; };
		2D88602C1E681A43006E0819 /* SwpFMDBCell.m in Sources */ = {isa = PBXBuildFile; fileRef = 2D88601E1E681A43006E0819 /* SwpFMDBCell.m */; };
		2D88602D1E681A43006E0819 /* SwpFMDBTableView.m in Sources */ = {isa = PBXBuildFile; fileRef = 2D8860201E681A43006E0819 /* SwpFMDBTableView.m */; };
		2D8860451E681A51006E0819 /* SwpFMDB.m in Sources */ = {isa = PBXBuildFile; fileRef = 2D8860331E681A51006E0819 /* SwpFMDB.m */; };
		2D8860461E681A51006E0819 /* SwpFMDBManager.m in Sources */ = {isa = PBXBuildFile; fileRef = 2D8860351E681A51006E0819 /* SwpFMDBManager.m */; };
		2D8860471E681A51006E0819 /* SwpBDModel.m in Sources */ = {isa = PBXBuildFile; fileRef = 2D8860381E681A51006E0819 /* SwpBDModel.m */; };
		2D8860481E681A51006E0819 /* SwpFMDBDataTypes.m in Sources */ = {isa = PBXBuildFile; fileRef = 2D88603C1E681A51006E0819 /* SwpFMDBDataTypes.m */; };
		2D8860491E681A51006E0819 /* SwpExecuteSQL.m in Sources */ = {isa = PBXBuildFile; fileRef = 2D88603F1E681A51006E0819 /* SwpExecuteSQL.m */; };
		2D88604A1E681A51006E0819 /* SwpStitchingSQL.m in Sources */ = {isa = PBXBuildFile; fileRef = 2D8860411E681A51006E0819 /* SwpStitchingSQL.m */; };
		2D88604B1E681A51006E0819 /* SwpFMDBTools.m in Sources */ = {isa = PBXBuildFile; fileRef = 2D8860441E681A51006E0819 /* SwpFMDBTools.m */; };
/* End PBXBuildFile section */

/* Begin PBXFileReference section */
		2D885FE81E68192F006E0819 /* SwpFMDBDemo.app */ = {isa = PBXFileReference; explicitFileType = wrapper.application; includeInIndex = 0; path = SwpFMDBDemo.app; sourceTree = BUILT_PRODUCTS_DIR; };
		2D885FEC1E68192F006E0819 /* main.m */ = {isa = PBXFileReference; lastKnownFileType = sourcecode.c.objc; path = main.m; sourceTree = "<group>"; };
		2D885FEE1E68192F006E0819 /* AppDelegate.h */ = {isa = PBXFileReference; lastKnownFileType = sourcecode.c.h; path = AppDelegate.h; sourceTree = "<group>"; };
		2D885FEF1E68192F006E0819 /* AppDelegate.m */ = {isa = PBXFileReference; lastKnownFileType = sourcecode.c.objc; path = AppDelegate.m; sourceTree = "<group>"; };
		2D885FF11E68192F006E0819 /* Assets.xcassets */ = {isa = PBXFileReference; lastKnownFileType = folder.assetcatalog; path = Assets.xcassets; sourceTree = "<group>"; };
		2D885FF41E68192F006E0819 /* Base */ = {isa = PBXFileReference; lastKnownFileType = file.storyboard; name = Base; path = Base.lproj/LaunchScreen.storyboard; sourceTree = "<group>"; };
		2D885FF61E68192F006E0819 /* Info.plist */ = {isa = PBXFileReference; lastKnownFileType = text.plist.xml; path = Info.plist; sourceTree = "<group>"; };
		2D885FFF1E681A43006E0819 /* SelectModelsViewController.h */ = {isa = PBXFileReference; fileEncoding = 4; lastKnownFileType = sourcecode.c.h; path = SelectModelsViewController.h; sourceTree = "<group>"; };
		2D8860001E681A43006E0819 /* SelectModelsViewController.m */ = {isa = PBXFileReference; fileEncoding = 4; lastKnownFileType = sourcecode.c.objc; path = SelectModelsViewController.m; sourceTree = "<group>"; };
		2D8860021E681A43006E0819 /* SwpFMDBViewController.h */ = {isa = PBXFileReference; fileEncoding = 4; lastKnownFileType = sourcecode.c.h; path = SwpFMDBViewController.h; sourceTree = "<group>"; };
		2D8860031E681A43006E0819 /* SwpFMDBViewController.m */ = {isa = PBXFileReference; fileEncoding = 4; lastKnownFileType = sourcecode.c.objc; path = SwpFMDBViewController.m; sourceTree = "<group>"; };
		2D8860061E681A43006E0819 /* CustomModel.h */ = {isa = PBXFileReference; fileEncoding = 4; lastKnownFileType = sourcecode.c.h; path = CustomModel.h; sourceTree = "<group>"; };
		2D8860071E681A43006E0819 /* CustomModel.m */ = {isa = PBXFileReference; fileEncoding = 4; lastKnownFileType = sourcecode.c.objc; path = CustomModel.m; sourceTree = "<group>"; };
		2D8860091E681A43006E0819 /* InheritModel.h */ = {isa = PBXFileReference; fileEncoding = 4; lastKnownFileType = sourcecode.c.h; path = InheritModel.h; sourceTree = "<group>"; };
		2D88600A1E681A43006E0819 /* InheritModel.m */ = {isa = PBXFileReference; fileEncoding = 4; lastKnownFileType = sourcecode.c.objc; path = InheritModel.m; sourceTree = "<group>"; };
		2D88600C1E681A43006E0819 /* SwpFMDBModel.h */ = {isa = PBXFileReference; fileEncoding = 4; lastKnownFileType = sourcecode.c.h; path = SwpFMDBModel.h; sourceTree = "<group>"; };
		2D88600D1E681A43006E0819 /* SwpFMDBModel.m */ = {isa = PBXFileReference; fileEncoding = 4; lastKnownFileType = sourcecode.c.objc; path = SwpFMDBModel.m; sourceTree = "<group>"; };
		2D88600F1E681A43006E0819 /* TestModel.h */ = {isa = PBXFileReference; fileEncoding = 4; lastKnownFileType = sourcecode.c.h; path = TestModel.h; sourceTree = "<group>"; };
		2D8860101E681A43006E0819 /* TestModel.m */ = {isa = PBXFileReference; fileEncoding = 4; lastKnownFileType = sourcecode.c.objc; path = TestModel.m; sourceTree = "<group>"; };
		2D8860121E681A43006E0819 /* SwpFMDBDemoTools.h */ = {isa = PBXFileReference; fileEncoding = 4; lastKnownFileType = sourcecode.c.h; path = SwpFMDBDemoTools.h; sourceTree = "<group>"; };
		2D8860131E681A43006E0819 /* SwpFMDBDemoTools.m */ = {isa = PBXFileReference; fileEncoding = 4; lastKnownFileType = sourcecode.c.objc; path = SwpFMDBDemoTools.m; sourceTree = "<group>"; };
		2D8860161E681A43006E0819 /* SelectModelsCell.h */ = {isa = PBXFileReference; fileEncoding = 4; lastKnownFileType = sourcecode.c.h; path = SelectModelsCell.h; sourceTree = "<group>"; };
		2D8860171E681A43006E0819 /* SelectModelsCell.m */ = {isa = PBXFileReference; fileEncoding = 4; lastKnownFileType = sourcecode.c.objc; path = SelectModelsCell.m; sourceTree = "<group>"; };
		2D8860181E681A43006E0819 /* SelectModelsTableView.h */ = {isa = PBXFileReference; fileEncoding = 4; lastKnownFileType = sourcecode.c.h; path = SelectModelsTableView.h; sourceTree = "<group>"; };
		2D8860191E681A43006E0819 /* SelectModelsTableView.m */ = {isa = PBXFileReference; fileEncoding = 4; lastKnownFileType = sourcecode.c.objc; path = SelectModelsTableView.m; sourceTree = "<group>"; };
		2D88601B1E681A43006E0819 /* SwpDataDisplayView.h */ = {isa = PBXFileReference; fileEncoding = 4; lastKnownFileType = sourcecode.c.h; path = SwpDataDisplayView.h; sourceTree = "<group>"; };
		2D88601C1E681A43006E0819 /* SwpDataDisplayView.m */ = {isa = PBXFileReference; fileEncoding = 4; lastKnownFileType = sourcecode.c.objc; path = SwpDataDisplayView.m; sourceTree = "<group>"; };
		2D88601D1E681A43006E0819 /* SwpFMDBCell.h */ = {isa = PBXFileReference; fileEncoding = 4; lastKnownFileType = sourcecode.c.h; path = SwpFMDBCell.h; sourceTree = "<group>"; };
		2D88601E1E681A43006E0819 /* SwpFMDBCell.m */ = {isa = PBXFileReference; fileEncoding = 4; lastKnownFileType = sourcecode.c.objc; path = SwpFMDBCell.m; sourceTree = "<group>"; };
		2D88601F1E681A43006E0819 /* SwpFMDBTableView.h */ = {isa = PBXFileReference; fileEncoding = 4; lastKnownFileType = sourcecode.c.h; path = SwpFMDBTableView.h; sourceTree = "<group>"; };
		2D8860201E681A43006E0819 /* SwpFMDBTableView.m */ = {isa = PBXFileReference; fileEncoding = 4; lastKnownFileType = sourcecode.c.objc; path = SwpFMDBTableView.m; sourceTree = "<group>"; };
		2D8860301E681A51006E0819 /* SwpFMDBHeader.h */ = {isa = PBXFileReference; fileEncoding = 4; lastKnownFileType = sourcecode.c.h; path = SwpFMDBHeader.h; sourceTree = "<group>"; };
		2D8860321E681A51006E0819 /* SwpFMDB.h */ = {isa = PBXFileReference; fileEncoding = 4; lastKnownFileType = sourcecode.c.h; path = SwpFMDB.h; sourceTree = "<group>"; };
		2D8860331E681A51006E0819 /* SwpFMDB.m */ = {isa = PBXFileReference; fileEncoding = 4; lastKnownFileType = sourcecode.c.objc; path = SwpFMDB.m; sourceTree = "<group>"; };
		2D8860341E681A51006E0819 /* SwpFMDBManager.h */ = {isa = PBXFileReference; fileEncoding = 4; lastKnownFileType = sourcecode.c.h; path = SwpFMDBManager.h; sourceTree = "<group>"; };
		2D8860351E681A51006E0819 /* SwpFMDBManager.m */ = {isa = PBXFileReference; fileEncoding = 4; lastKnownFileType = sourcecode.c.objc; path = SwpFMDBManager.m; sourceTree = "<group>"; };
		2D8860371E681A51006E0819 /* SwpBDModel.h */ = {isa = PBXFileReference; fileEncoding = 4; lastKnownFileType = sourcecode.c.h; path = SwpBDModel.h; sourceTree = "<group>"; };
		2D8860381E681A51006E0819 /* SwpBDModel.m */ = {isa = PBXFileReference; fileEncoding = 4; lastKnownFileType = sourcecode.c.objc; path = SwpBDModel.m; sourceTree = "<group>"; };
		2D88603B1E681A51006E0819 /* SwpFMDBDataTypes.h */ = {isa = PBXFileReference; fileEncoding = 4; lastKnownFileType = sourcecode.c.h; path = SwpFMDBDataTypes.h; sourceTree = "<group>"; };
		2D88603C1E681A51006E0819 /* SwpFMDBDataTypes.m */ = {isa = PBXFileReference; fileEncoding = 4; lastKnownFileType = sourcecode.c.objc; path = SwpFMDBDataTypes.m; sourceTree = "<group>"; };
		2D88603E1E681A51006E0819 /* SwpExecuteSQL.h */ = {isa = PBXFileReference; fileEncoding = 4; lastKnownFileType = sourcecode.c.h; path = SwpExecuteSQL.h; sourceTree = "<group>"; };
		2D88603F1E681A51006E0819 /* SwpExecuteSQL.m */ = {isa = PBXFileReference; fileEncoding = 4; lastKnownFileType = sourcecode.c.objc; path = SwpExecuteSQL.m; sourceTree = "<group>"; };
		2D8860401E681A51006E0819 /* SwpStitchingSQL.h */ = {isa = PBXFileReference; fileEncoding = 4; lastKnownFileType = sourcecode.c.h; path = SwpStitchingSQL.h; sourceTree = "<group>"; };
		2D8860411E681A51006E0819 /* SwpStitchingSQL.m */ = {isa = PBXFileReference; fileEncoding = 4; lastKnownFileType = sourcecode.c.objc; path = SwpStitchingSQL.m; sourceTree = "<group>"; };
		2D8860431E681A51006E0819 /* SwpFMDBTools.h */ = {isa = PBXFileReference; fileEncoding = 4; lastKnownFileType = sourcecode.c.h; path = SwpFMDBTools.h; sourceTree = "<group>"; };
		2D8860441E681A51006E0819 /* SwpFMDBTools.m */ = {isa = PBXFileReference; fileEncoding = 4; lastKnownFileType = sourcecode.c.objc; path = SwpFMDBTools.m; sourceTree = "<group>"; };
		8502D38043E79509C6E3986C /* Pods-SwpFMDBDemo.release.xcconfig */ = {isa = PBXFileReference; includeInIndex = 1; lastKnownFileType = text.xcconfig; name = "Pods-SwpFMDBDemo.release.xcconfig"; path = "Pods/Target Support Files/Pods-SwpFMDBDemo/Pods-SwpFMDBDemo.release.xcconfig"; sourceTree = "<group>"; };
		ADB6CD7DCF0B8430D3305B79 /* libPods-SwpFMDBDemo.a */ = {isa = PBXFileReference; explicitFileType = archive.ar; includeInIndex = 0; path = "libPods-SwpFMDBDemo.a"; sourceTree = BUILT_PRODUCTS_DIR; };
		EBBDA860C3E4AF8B60E5BEFF /* Pods-SwpFMDBDemo.debug.xcconfig */ = {isa = PBXFileReference; includeInIndex = 1; lastKnownFileType = text.xcconfig; name = "Pods-SwpFMDBDemo.debug.xcconfig"; path = "Pods/Target Support Files/Pods-SwpFMDBDemo/Pods-SwpFMDBDemo.debug.xcconfig"; sourceTree = "<group>"; };
/* End PBXFileReference section */

/* Begin PBXFrameworksBuildPhase section */
		2D885FE51E68192F006E0819 /* Frameworks */ = {
			isa = PBXFrameworksBuildPhase;
			buildActionMask = 2147483647;
			files = (
				15B45F6E7D05E05A01E4B8DF /* libPods-SwpFMDBDemo.a in Frameworks */,
			);
			runOnlyForDeploymentPostprocessing = 0;
		};
/* End PBXFrameworksBuildPhase section */

/* Begin PBXGroup section */
		2D885FDF1E68192F006E0819 = {
			isa = PBXGroup;
			children = (
				2D885FEA1E68192F006E0819 /* SwpFMDBDemo */,
				2D885FE91E68192F006E0819 /* Products */,
				BDA56D900173505F36EA6679 /* Pods */,
				E70BB3111776CC92C8B28402 /* Frameworks */,
			);
			sourceTree = "<group>";
		};
		2D885FE91E68192F006E0819 /* Products */ = {
			isa = PBXGroup;
			children = (
				2D885FE81E68192F006E0819 /* SwpFMDBDemo.app */,
			);
			name = Products;
			sourceTree = "<group>";
		};
		2D885FEA1E68192F006E0819 /* SwpFMDBDemo */ = {
			isa = PBXGroup;
			children = (
				2D885FFC1E681A43006E0819 /* Class */,
				2D8860211E681A43006E0819 /* Librarys */,
				2D885FEE1E68192F006E0819 /* AppDelegate.h */,
				2D885FEF1E68192F006E0819 /* AppDelegate.m */,
				2D885FF11E68192F006E0819 /* Assets.xcassets */,
				2D885FF31E68192F006E0819 /* LaunchScreen.storyboard */,
				2D885FF61E68192F006E0819 /* Info.plist */,
				2D885FEB1E68192F006E0819 /* Supporting Files */,
			);
			path = SwpFMDBDemo;
			sourceTree = "<group>";
		};
		2D885FEB1E68192F006E0819 /* Supporting Files */ = {
			isa = PBXGroup;
			children = (
				2D885FEC1E68192F006E0819 /* main.m */,
			);
			name = "Supporting Files";
			sourceTree = "<group>";
		};
		2D885FFC1E681A43006E0819 /* Class */ = {
			isa = PBXGroup;
			children = (
				2D885FFD1E681A43006E0819 /* Controllers */,
				2D8860041E681A43006E0819 /* Models */,
				2D8860111E681A43006E0819 /* Order */,
				2D8860141E681A43006E0819 /* Views */,
			);
			path = Class;
			sourceTree = "<group>";
		};
		2D885FFD1E681A43006E0819 /* Controllers */ = {
			isa = PBXGroup;
			children = (
				2D885FFE1E681A43006E0819 /* SelectModelsController */,
				2D8860011E681A43006E0819 /* SwpFMDBController */,
			);
			path = Controllers;
			sourceTree = "<group>";
		};
		2D885FFE1E681A43006E0819 /* SelectModelsController */ = {
			isa = PBXGroup;
			children = (
				2D885FFF1E681A43006E0819 /* SelectModelsViewController.h */,
				2D8860001E681A43006E0819 /* SelectModelsViewController.m */,
			);
			path = SelectModelsController;
			sourceTree = "<group>";
		};
		2D8860011E681A43006E0819 /* SwpFMDBController */ = {
			isa = PBXGroup;
			children = (
				2D8860021E681A43006E0819 /* SwpFMDBViewController.h */,
				2D8860031E681A43006E0819 /* SwpFMDBViewController.m */,
			);
			path = SwpFMDBController;
			sourceTree = "<group>";
		};
		2D8860041E681A43006E0819 /* Models */ = {
			isa = PBXGroup;
			children = (
				2D8860051E681A43006E0819 /* CustomModel */,
				2D8860081E681A43006E0819 /* InheritModel */,
				2D88600B1E681A43006E0819 /* SwpFMDBModel */,
				2D88600E1E681A43006E0819 /* TestModel */,
			);
			path = Models;
			sourceTree = "<group>";
		};
		2D8860051E681A43006E0819 /* CustomModel */ = {
			isa = PBXGroup;
			children = (
				2D8860061E681A43006E0819 /* CustomModel.h */,
				2D8860071E681A43006E0819 /* CustomModel.m */,
			);
			path = CustomModel;
			sourceTree = "<group>";
		};
		2D8860081E681A43006E0819 /* InheritModel */ = {
			isa = PBXGroup;
			children = (
				2D8860091E681A43006E0819 /* InheritModel.h */,
				2D88600A1E681A43006E0819 /* InheritModel.m */,
			);
			path = InheritModel;
			sourceTree = "<group>";
		};
		2D88600B1E681A43006E0819 /* SwpFMDBModel */ = {
			isa = PBXGroup;
			children = (
				2D88600C1E681A43006E0819 /* SwpFMDBModel.h */,
				2D88600D1E681A43006E0819 /* SwpFMDBModel.m */,
			);
			path = SwpFMDBModel;
			sourceTree = "<group>";
		};
		2D88600E1E681A43006E0819 /* TestModel */ = {
			isa = PBXGroup;
			children = (
				2D88600F1E681A43006E0819 /* TestModel.h */,
				2D8860101E681A43006E0819 /* TestModel.m */,
			);
			path = TestModel;
			sourceTree = "<group>";
		};
		2D8860111E681A43006E0819 /* Order */ = {
			isa = PBXGroup;
			children = (
				2D8860121E681A43006E0819 /* SwpFMDBDemoTools.h */,
				2D8860131E681A43006E0819 /* SwpFMDBDemoTools.m */,
			);
			path = Order;
			sourceTree = "<group>";
		};
		2D8860141E681A43006E0819 /* Views */ = {
			isa = PBXGroup;
			children = (
				2D8860151E681A43006E0819 /* SelectModelsView */,
				2D88601A1E681A43006E0819 /* SwpFMDBView */,
			);
			path = Views;
			sourceTree = "<group>";
		};
		2D8860151E681A43006E0819 /* SelectModelsView */ = {
			isa = PBXGroup;
			children = (
				2D8860161E681A43006E0819 /* SelectModelsCell.h */,
				2D8860171E681A43006E0819 /* SelectModelsCell.m */,
				2D8860181E681A43006E0819 /* SelectModelsTableView.h */,
				2D8860191E681A43006E0819 /* SelectModelsTableView.m */,
			);
			path = SelectModelsView;
			sourceTree = "<group>";
		};
		2D88601A1E681A43006E0819 /* SwpFMDBView */ = {
			isa = PBXGroup;
			children = (
				2D88601B1E681A43006E0819 /* SwpDataDisplayView.h */,
				2D88601C1E681A43006E0819 /* SwpDataDisplayView.m */,
				2D88601D1E681A43006E0819 /* SwpFMDBCell.h */,
				2D88601E1E681A43006E0819 /* SwpFMDBCell.m */,
				2D88601F1E681A43006E0819 /* SwpFMDBTableView.h */,
				2D8860201E681A43006E0819 /* SwpFMDBTableView.m */,
			);
			path = SwpFMDBView;
			sourceTree = "<group>";
		};
		2D8860211E681A43006E0819 /* Librarys */ = {
			isa = PBXGroup;
			children = (
				2D88602E1E681A51006E0819 /* SwpFMDB */,
			);
			path = Librarys;
			sourceTree = "<group>";
		};
		2D88602E1E681A51006E0819 /* SwpFMDB */ = {
			isa = PBXGroup;
			children = (
				2D88602F1E681A51006E0819 /* SwpFMDBHeader */,
				2D8860311E681A51006E0819 /* SwpFMDBMain */,
				2D8860361E681A51006E0819 /* SwpFMDBModels */,
				2D8860391E681A51006E0819 /* SwpFMDBTools */,
			);
			name = SwpFMDB;
			path = ../../../SwpFMDB;
			sourceTree = "<group>";
		};
		2D88602F1E681A51006E0819 /* SwpFMDBHeader */ = {
			isa = PBXGroup;
			children = (
				2D8860301E681A51006E0819 /* SwpFMDBHeader.h */,
			);
			path = SwpFMDBHeader;
			sourceTree = "<group>";
		};
		2D8860311E681A51006E0819 /* SwpFMDBMain */ = {
			isa = PBXGroup;
			children = (
				2D8860321E681A51006E0819 /* SwpFMDB.h */,
				2D8860331E681A51006E0819 /* SwpFMDB.m */,
				2D8860341E681A51006E0819 /* SwpFMDBManager.h */,
				2D8860351E681A51006E0819 /* SwpFMDBManager.m */,
			);
			path = SwpFMDBMain;
			sourceTree = "<group>";
		};
		2D8860361E681A51006E0819 /* SwpFMDBModels */ = {
			isa = PBXGroup;
			children = (
				2D8860371E681A51006E0819 /* SwpBDModel.h */,
				2D8860381E681A51006E0819 /* SwpBDModel.m */,
			);
			path = SwpFMDBModels;
			sourceTree = "<group>";
		};
		2D8860391E681A51006E0819 /* SwpFMDBTools */ = {
			isa = PBXGroup;
			children = (
				2D88603A1E681A51006E0819 /* SwpFMDBDataTypes */,
				2D88603D1E681A51006E0819 /* SwpFMDBSQLTools */,
				2D8860421E681A51006E0819 /* SwpFMDBTools */,
			);
			path = SwpFMDBTools;
			sourceTree = "<group>";
		};
		2D88603A1E681A51006E0819 /* SwpFMDBDataTypes */ = {
			isa = PBXGroup;
			children = (
				2D88603B1E681A51006E0819 /* SwpFMDBDataTypes.h */,
				2D88603C1E681A51006E0819 /* SwpFMDBDataTypes.m */,
			);
			path = SwpFMDBDataTypes;
			sourceTree = "<group>";
		};
		2D88603D1E681A51006E0819 /* SwpFMDBSQLTools */ = {
			isa = PBXGroup;
			children = (
				2D88603E1E681A51006E0819 /* SwpExecuteSQL.h */,
				2D88603F1E681A51006E0819 /* SwpExecuteSQL.m */,
				2D8860401E681A51006E0819 /* SwpStitchingSQL.h */,
				2D8860411E681A51006E0819 /* SwpStitchingSQL.m */,
			);
			path = SwpFMDBSQLTools;
			sourceTree = "<group>";
		};
		2D8860421E681A51006E0819 /* SwpFMDBTools */ = {
			isa = PBXGroup;
			children = (
				2D8860431E681A51006E0819 /* SwpFMDBTools.h */,
				2D8860441E681A51006E0819 /* SwpFMDBTools.m */,
			);
			path = SwpFMDBTools;
			sourceTree = "<group>";
		};
		BDA56D900173505F36EA6679 /* Pods */ = {
			isa = PBXGroup;
			children = (
				EBBDA860C3E4AF8B60E5BEFF /* Pods-SwpFMDBDemo.debug.xcconfig */,
				8502D38043E79509C6E3986C /* Pods-SwpFMDBDemo.release.xcconfig */,
			);
			name = Pods;
			sourceTree = "<group>";
		};
		E70BB3111776CC92C8B28402 /* Frameworks */ = {
			isa = PBXGroup;
			children = (
				ADB6CD7DCF0B8430D3305B79 /* libPods-SwpFMDBDemo.a */,
			);
			name = Frameworks;
			sourceTree = "<group>";
		};
/* End PBXGroup section */

/* Begin PBXNativeTarget section */
		2D885FE71E68192F006E0819 /* SwpFMDBDemo */ = {
			isa = PBXNativeTarget;
			buildConfigurationList = 2D885FF91E68192F006E0819 /* Build configuration list for PBXNativeTarget "SwpFMDBDemo" */;
			buildPhases = (
				91D5C61A77CC7F9495B34D96 /* [CP] Check Pods Manifest.lock */,
				2D885FE41E68192F006E0819 /* Sources */,
				2D885FE51E68192F006E0819 /* Frameworks */,
				2D885FE61E68192F006E0819 /* Resources */,
				F8FDDB281B6BE1D2D0AD4BA2 /* [CP] Embed Pods Frameworks */,
				E71BF2CFDD0F75136BDFED34 /* [CP] Copy Pods Resources */,
			);
			buildRules = (
			);
			dependencies = (
			);
			name = SwpFMDBDemo;
			productName = SwpFMDBDemo;
			productReference = 2D885FE81E68192F006E0819 /* SwpFMDBDemo.app */;
			productType = "com.apple.product-type.application";
		};
/* End PBXNativeTarget section */

/* Begin PBXProject section */
		2D885FE01E68192F006E0819 /* Project object */ = {
			isa = PBXProject;
			attributes = {
				LastUpgradeCheck = 0820;
				ORGANIZATIONNAME = swp_song;
				TargetAttributes = {
					2D885FE71E68192F006E0819 = {
						CreatedOnToolsVersion = 8.2.1;
						ProvisioningStyle = Automatic;
					};
				};
			};
			buildConfigurationList = 2D885FE31E68192F006E0819 /* Build configuration list for PBXProject "SwpFMDBDemo" */;
			compatibilityVersion = "Xcode 3.2";
			developmentRegion = English;
			hasScannedForEncodings = 0;
			knownRegions = (
				en,
				Base,
			);
			mainGroup = 2D885FDF1E68192F006E0819;
			productRefGroup = 2D885FE91E68192F006E0819 /* Products */;
			projectDirPath = "";
			projectRoot = "";
			targets = (
				2D885FE71E68192F006E0819 /* SwpFMDBDemo */,
			);
		};
/* End PBXProject section */

/* Begin PBXResourcesBuildPhase section */
		2D885FE61E68192F006E0819 /* Resources */ = {
			isa = PBXResourcesBuildPhase;
			buildActionMask = 2147483647;
			files = (
				2D885FF21E68192F006E0819 /* Assets.xcassets in Resources */,
				2D885FF51E68192F006E0819 /* LaunchScreen.storyboard in Resources */,
			);
			runOnlyForDeploymentPostprocessing = 0;
		};
/* End PBXResourcesBuildPhase section */

/* Begin PBXShellScriptBuildPhase section */
		91D5C61A77CC7F9495B34D96 /* [CP] Check Pods Manifest.lock */ = {
			isa = PBXShellScriptBuildPhase;
			buildActionMask = 2147483647;
			files = (
			);
			inputPaths = (
			);
			name = "[CP] Check Pods Manifest.lock";
			outputPaths = (
			);
			runOnlyForDeploymentPostprocessing = 0;
			shellPath = /bin/sh;
			shellScript = "diff \"${PODS_ROOT}/../Podfile.lock\" \"${PODS_ROOT}/Manifest.lock\" > /dev/null\nif [ $? != 0 ] ; then\n    # print error to STDERR\n    echo \"error: The sandbox is not in sync with the Podfile.lock. Run 'pod install' or update your CocoaPods installation.\" >&2\n    exit 1\nfi\n";
			showEnvVarsInLog = 0;
		};
		E71BF2CFDD0F75136BDFED34 /* [CP] Copy Pods Resources */ = {
			isa = PBXShellScriptBuildPhase;
			buildActionMask = 2147483647;
			files = (
			);
			inputPaths = (
			);
			name = "[CP] Copy Pods Resources";
			outputPaths = (
			);
			runOnlyForDeploymentPostprocessing = 0;
			shellPath = /bin/sh;
			shellScript = "\"${SRCROOT}/Pods/Target Support Files/Pods-SwpFMDBDemo/Pods-SwpFMDBDemo-resources.sh\"\n";
			showEnvVarsInLog = 0;
		};
		F8FDDB281B6BE1D2D0AD4BA2 /* [CP] Embed Pods Frameworks */ = {
			isa = PBXShellScriptBuildPhase;
			buildActionMask = 2147483647;
			files = (
			);
			inputPaths = (
			);
			name = "[CP] Embed Pods Frameworks";
			outputPaths = (
			);
			runOnlyForDeploymentPostprocessing = 0;
			shellPath = /bin/sh;
			shellScript = "\"${SRCROOT}/Pods/Target Support Files/Pods-SwpFMDBDemo/Pods-SwpFMDBDemo-frameworks.sh\"\n";
			showEnvVarsInLog = 0;
		};
/* End PBXShellScriptBuildPhase section */

/* Begin PBXSourcesBuildPhase section */
		2D885FE41E68192F006E0819 /* Sources */ = {
			isa = PBXSourcesBuildPhase;
			buildActionMask = 2147483647;
			files = (
				2D8860491E681A51006E0819 /* SwpExecuteSQL.m in Sources */,
				2D8860241E681A43006E0819 /* CustomModel.m in Sources */,
				2D8860481E681A51006E0819 /* SwpFMDBDataTypes.m in Sources */,
				2D8860231E681A43006E0819 /* SwpFMDBViewController.m in Sources */,
				2D8860451E681A51006E0819 /* SwpFMDB.m in Sources */,
				2D885FF01E68192F006E0819 /* AppDelegate.m in Sources */,
				2D88602D1E681A43006E0819 /* SwpFMDBTableView.m in Sources */,
				2D8860251E681A43006E0819 /* InheritModel.m in Sources */,
				2D885FED1E68192F006E0819 /* main.m in Sources */,
				2D8860471E681A51006E0819 /* SwpBDModel.m in Sources */,
				2D8860261E681A43006E0819 /* SwpFMDBModel.m in Sources */,
				2D8860221E681A43006E0819 /* SelectModelsViewController.m in Sources */,
				2D8860461E681A51006E0819 /* SwpFMDBManager.m in Sources */,
				2D8860291E681A43006E0819 /* SelectModelsCell.m in Sources */,
				2D88602C1E681A43006E0819 /* SwpFMDBCell.m in Sources */,
				2D88604A1E681A51006E0819 /* SwpStitchingSQL.m in Sources */,
				2D88602B1E681A43006E0819 /* SwpDataDisplayView.m in Sources */,
				2D88604B1E681A51006E0819 /* SwpFMDBTools.m in Sources */,
				2D8860271E681A43006E0819 /* TestModel.m in Sources */,
				2D8860281E681A43006E0819 /* SwpFMDBDemoTools.m in Sources */,
				2D88602A1E681A43006E0819 /* SelectModelsTableView.m in Sources */,
			);
			runOnlyForDeploymentPostprocessing = 0;
		};
/* End PBXSourcesBuildPhase section */

/* Begin PBXVariantGroup section */
		2D885FF31E68192F006E0819 /* LaunchScreen.storyboard */ = {
			isa = PBXVariantGroup;
			children = (
				2D885FF41E68192F006E0819 /* Base */,
			);
			name = LaunchScreen.storyboard;
			sourceTree = "<group>";
		};
/* End PBXVariantGroup section */

/* Begin XCBuildConfiguration section */
		2D885FF71E68192F006E0819 /* Debug */ = {
			isa = XCBuildConfiguration;
			buildSettings = {
				ALWAYS_SEARCH_USER_PATHS = NO;
				CLANG_ANALYZER_NONNULL = YES;
				CLANG_CXX_LANGUAGE_STANDARD = "gnu++0x";
				CLANG_CXX_LIBRARY = "libc++";
				CLANG_ENABLE_MODULES = YES;
				CLANG_ENABLE_OBJC_ARC = YES;
				CLANG_WARN_BOOL_CONVERSION = YES;
				CLANG_WARN_CONSTANT_CONVERSION = YES;
				CLANG_WARN_DIRECT_OBJC_ISA_USAGE = YES_ERROR;
				CLANG_WARN_DOCUMENTATION_COMMENTS = YES;
				CLANG_WARN_EMPTY_BODY = YES;
				CLANG_WARN_ENUM_CONVERSION = YES;
				CLANG_WARN_INFINITE_RECURSION = YES;
				CLANG_WARN_INT_CONVERSION = YES;
				CLANG_WARN_OBJC_ROOT_CLASS = YES_ERROR;
				CLANG_WARN_SUSPICIOUS_MOVE = YES;
				CLANG_WARN_UNREACHABLE_CODE = YES;
				CLANG_WARN__DUPLICATE_METHOD_MATCH = YES;
				"CODE_SIGN_IDENTITY[sdk=iphoneos*]" = "iPhone Developer";
				COPY_PHASE_STRIP = NO;
				DEBUG_INFORMATION_FORMAT = dwarf;
				ENABLE_STRICT_OBJC_MSGSEND = YES;
				ENABLE_TESTABILITY = YES;
				GCC_C_LANGUAGE_STANDARD = gnu99;
				GCC_DYNAMIC_NO_PIC = NO;
				GCC_NO_COMMON_BLOCKS = YES;
				GCC_OPTIMIZATION_LEVEL = 0;
				GCC_PREPROCESSOR_DEFINITIONS = (
					"DEBUG=1",
					"$(inherited)",
				);
				GCC_WARN_64_TO_32_BIT_CONVERSION = YES;
				GCC_WARN_ABOUT_RETURN_TYPE = YES_ERROR;
				GCC_WARN_UNDECLARED_SELECTOR = YES;
				GCC_WARN_UNINITIALIZED_AUTOS = YES_AGGRESSIVE;
				GCC_WARN_UNUSED_FUNCTION = YES;
				GCC_WARN_UNUSED_VARIABLE = YES;
				IPHONEOS_DEPLOYMENT_TARGET = 10.2;
				MTL_ENABLE_DEBUG_INFO = YES;
				ONLY_ACTIVE_ARCH = YES;
				SDKROOT = iphoneos;
			};
			name = Debug;
		};
		2D885FF81E68192F006E0819 /* Release */ = {
			isa = XCBuildConfiguration;
			buildSettings = {
				ALWAYS_SEARCH_USER_PATHS = NO;
				CLANG_ANALYZER_NONNULL = YES;
				CLANG_CXX_LANGUAGE_STANDARD = "gnu++0x";
				CLANG_CXX_LIBRARY = "libc++";
				CLANG_ENABLE_MODULES = YES;
				CLANG_ENABLE_OBJC_ARC = YES;
				CLANG_WARN_BOOL_CONVERSION = YES;
				CLANG_WARN_CONSTANT_CONVERSION = YES;
				CLANG_WARN_DIRECT_OBJC_ISA_USAGE = YES_ERROR;
				CLANG_WARN_DOCUMENTATION_COMMENTS = YES;
				CLANG_WARN_EMPTY_BODY = YES;
				CLANG_WARN_ENUM_CONVERSION = YES;
				CLANG_WARN_INFINITE_RECURSION = YES;
				CLANG_WARN_INT_CONVERSION = YES;
				CLANG_WARN_OBJC_ROOT_CLASS = YES_ERROR;
				CLANG_WARN_SUSPICIOUS_MOVE = YES;
				CLANG_WARN_UNREACHABLE_CODE = YES;
				CLANG_WARN__DUPLICATE_METHOD_MATCH = YES;
				"CODE_SIGN_IDENTITY[sdk=iphoneos*]" = "iPhone Developer";
				COPY_PHASE_STRIP = NO;
				DEBUG_INFORMATION_FORMAT = "dwarf-with-dsym";
				ENABLE_NS_ASSERTIONS = NO;
				ENABLE_STRICT_OBJC_MSGSEND = YES;
				GCC_C_LANGUAGE_STANDARD = gnu99;
				GCC_NO_COMMON_BLOCKS = YES;
				GCC_WARN_64_TO_32_BIT_CONVERSION = YES;
				GCC_WARN_ABOUT_RETURN_TYPE = YES_ERROR;
				GCC_WARN_UNDECLARED_SELECTOR = YES;
				GCC_WARN_UNINITIALIZED_AUTOS = YES_AGGRESSIVE;
				GCC_WARN_UNUSED_FUNCTION = YES;
				GCC_WARN_UNUSED_VARIABLE = YES;
				IPHONEOS_DEPLOYMENT_TARGET = 10.2;
				MTL_ENABLE_DEBUG_INFO = NO;
				SDKROOT = iphoneos;
				VALIDATE_PRODUCT = YES;
			};
			name = Release;
		};
		2D885FFA1E68192F006E0819 /* Debug */ = {
			isa = XCBuildConfiguration;
			baseConfigurationReference = EBBDA860C3E4AF8B60E5BEFF /* Pods-SwpFMDBDemo.debug.xcconfig */;
			buildSettings = {
				ASSETCATALOG_COMPILER_APPICON_NAME = AppIcon;
				DEVELOPMENT_TEAM = "";
				INFOPLIST_FILE = SwpFMDBDemo/Info.plist;
				LD_RUNPATH_SEARCH_PATHS = "$(inherited) @executable_path/Frameworks";
				PRODUCT_BUNDLE_IDENTIFIER = "swp-song.SwpFMDBDemo";
				PRODUCT_NAME = "$(TARGET_NAME)";
				TARGETED_DEVICE_FAMILY = 1;
			};
			name = Debug;
		};
		2D885FFB1E68192F006E0819 /* Release */ = {
			isa = XCBuildConfiguration;
			baseConfigurationReference = 8502D38043E79509C6E3986C /* Pods-SwpFMDBDemo.release.xcconfig */;
			buildSettings = {
				ASSETCATALOG_COMPILER_APPICON_NAME = AppIcon;
				DEVELOPMENT_TEAM = "";
				INFOPLIST_FILE = SwpFMDBDemo/Info.plist;
				LD_RUNPATH_SEARCH_PATHS = "$(inherited) @executable_path/Frameworks";
				PRODUCT_BUNDLE_IDENTIFIER = "swp-song.SwpFMDBDemo";
				PRODUCT_NAME = "$(TARGET_NAME)";
				TARGETED_DEVICE_FAMILY = 1;
			};
			name = Release;
		};
/* End XCBuildConfiguration section */

/* Begin XCConfigurationList section */
		2D885FE31E68192F006E0819 /* Build configuration list for PBXProject "SwpFMDBDemo" */ = {
			isa = XCConfigurationList;
			buildConfigurations = (
				2D885FF71E68192F006E0819 /* Debug */,
				2D885FF81E68192F006E0819 /* Release */,
			);
			defaultConfigurationIsVisible = 0;
			defaultConfigurationName = Release;
		};
		2D885FF91E68192F006E0819 /* Build configuration list for PBXNativeTarget "SwpFMDBDemo" */ = {
			isa = XCConfigurationList;
			buildConfigurations = (
				2D885FFA1E68192F006E0819 /* Debug */,
				2D885FFB1E68192F006E0819 /* Release */,
			);
			defaultConfigurationIsVisible = 0;
			defaultConfigurationName = Release;
		};
/* End XCConfigurationList section */
	};
	rootObject = 2D885FE01E68192F006E0819 /* Project object */;
}
